
Microsoft Visual Studio Solution File, Format Version 12.00
# Visual Studio Version 16
VisualStudioVersion = 16.0.28803.452
MinimumVisualStudioVersion = 10.0.40219.1
Project("{FAE04EC0-301F-11D3-BF4B-00C04F79EFBC}") = "Excercise", "Excercise\Excercise.csproj", "{0CF9F1E1-0929-4628-A3BA-DB94A3019E17}"
EndProject
Global
	GlobalSection(SolutionConfigurationPlatforms) = preSolution
		Debug|Any CPU = Debug|Any CPU
		Release|Any CPU = Release|Any CPU
	EndGlobalSection
	GlobalSection(ProjectConfigurationPlatforms) = postSolution
		{0CF9F1E1-0929-4628-A3BA-DB94A3019E17}.Debug|Any CPU.ActiveCfg = Debug|Any CPU
		{0CF9F1E1-0929-4628-A3BA-DB94A3019E17}.Debug|Any CPU.Build.0 = Debug|Any CPU
		{0CF9F1E1-0929-4628-A3BA-DB94A3019E17}.Release|Any CPU.ActiveCfg = Release|Any CPU
		{0CF9F1E1-0929-4628-A3BA-DB94A3019E17}.Release|Any CPU.Build.0 = Release|Any CPU
	EndGlobalSection
	GlobalSection(SolutionProperties) = preSolution
		HideSolutionNode = FALSE
	EndGlobalSection
	GlobalSection(ExtensibilityGlobals) = postSolution
		SolutionGuid = {12AC5B4C-825D-46BE-A4CB-9439FAE4CD55}
	EndGlobalSection
EndGlobal
